
Microsoft Visual Studio Solution File, Format Version 12.00
# Visual Studio Version 17
VisualStudioVersion = 17.2.32616.157
MinimumVisualStudioVersion = 10.0.40219.1
Project("{FAE04EC0-301F-11D3-BF4B-00C04F79EFBC}") = "Act_formas", "Act_formas\Act_formas.csproj", "{BFEBBC0C-7FB2-4765-9151-F6CA2DCFD18D}"
EndProject
Global
	GlobalSection(SolutionConfigurationPlatforms) = preSolution
		Debug|Any CPU = Debug|Any CPU
		Release|Any CPU = Release|Any CPU
	EndGlobalSection
	GlobalSection(ProjectConfigurationPlatforms) = postSolution
		{BFEBBC0C-7FB2-4765-9151-F6CA2DCFD18D}.Debug|Any CPU.ActiveCfg = Debug|Any CPU
		{BFEBBC0C-7FB2-4765-9151-F6CA2DCFD18D}.Debug|Any CPU.Build.0 = Debug|Any CPU
		{BFEBBC0C-7FB2-4765-9151-F6CA2DCFD18D}.Release|Any CPU.ActiveCfg = Release|Any CPU
		{BFEBBC0C-7FB2-4765-9151-F6CA2DCFD18D}.Release|Any CPU.Build.0 = Release|Any CPU
	EndGlobalSection
	GlobalSection(SolutionProperties) = preSolution
		HideSolutionNode = FALSE
	EndGlobalSection
	GlobalSection(ExtensibilityGlobals) = postSolution
		SolutionGuid = {F9FF1657-5F48-40E0-A98B-D733147791A8}
	EndGlobalSection
EndGlobal
